
Microsoft Visual Studio Solution File, Format Version 12.00
# Visual Studio Version 16
VisualStudioVersion = 16.0.31729.503
MinimumVisualStudioVersion = 10.0.40219.1
Project("{FAE04EC0-301F-11D3-BF4B-00C04F79EFBC}") = "Predavanje7", "Predavanje7\Predavanje7.csproj", "{1B400E94-431C-4FAF-B988-2BBEF95A4544}"
EndProject
Global
	GlobalSection(SolutionConfigurationPlatforms) = preSolution
		Debug|Any CPU = Debug|Any CPU
		Release|Any CPU = Release|Any CPU
	EndGlobalSection
	GlobalSection(ProjectConfigurationPlatforms) = postSolution
		{1B400E94-431C-4FAF-B988-2BBEF95A4544}.Debug|Any CPU.ActiveCfg = Debug|Any CPU
		{1B400E94-431C-4FAF-B988-2BBEF95A4544}.Debug|Any CPU.Build.0 = Debug|Any CPU
		{1B400E94-431C-4FAF-B988-2BBEF95A4544}.Release|Any CPU.ActiveCfg = Release|Any CPU
		{1B400E94-431C-4FAF-B988-2BBEF95A4544}.Release|Any CPU.Build.0 = Release|Any CPU
	EndGlobalSection
	GlobalSection(SolutionProperties) = preSolution
		HideSolutionNode = FALSE
	EndGlobalSection
	GlobalSection(ExtensibilityGlobals) = postSolution
		SolutionGuid = {8B19EE23-EBF1-440D-956C-460466322B2B}
	EndGlobalSection
EndGlobal
