
Microsoft Visual Studio Solution File, Format Version 12.00
# Visual Studio Version 17
VisualStudioVersion = 17.0.31903.59
MinimumVisualStudioVersion = 10.0.40219.1
Project("{FAE04EC0-301F-11D3-BF4B-00C04F79EFBC}") = "Vjezbe 9 (09.12.2021.)", "Vjezbe 9 (09.12.2021.)\Vjezbe 9 (09.12.2021.).csproj", "{779240FF-B6CF-481C-B7DA-BF7CF49CE660}"
EndProject
Global
	GlobalSection(SolutionConfigurationPlatforms) = preSolution
		Debug|Any CPU = Debug|Any CPU
		Release|Any CPU = Release|Any CPU
	EndGlobalSection
	GlobalSection(ProjectConfigurationPlatforms) = postSolution
		{779240FF-B6CF-481C-B7DA-BF7CF49CE660}.Debug|Any CPU.ActiveCfg = Debug|Any CPU
		{779240FF-B6CF-481C-B7DA-BF7CF49CE660}.Debug|Any CPU.Build.0 = Debug|Any CPU
		{779240FF-B6CF-481C-B7DA-BF7CF49CE660}.Release|Any CPU.ActiveCfg = Release|Any CPU
		{779240FF-B6CF-481C-B7DA-BF7CF49CE660}.Release|Any CPU.Build.0 = Release|Any CPU
	EndGlobalSection
	GlobalSection(SolutionProperties) = preSolution
		HideSolutionNode = FALSE
	EndGlobalSection
	GlobalSection(ExtensibilityGlobals) = postSolution
		SolutionGuid = {39BCA9AB-5577-49A7-9A98-862E484CF676}
	EndGlobalSection
EndGlobal
