
Microsoft Visual Studio Solution File, Format Version 12.00
# Visual Studio Version 16
VisualStudioVersion = 16.0.31702.278
MinimumVisualStudioVersion = 10.0.40219.1
Project("{FAE04EC0-301F-11D3-BF4B-00C04F79EFBC}") = "DLWMS.ConsoleApp", "DLWMS.ConsoleApp\DLWMS.ConsoleApp.csproj", "{A9E9D644-98DC-4C72-9C8E-5BF591FB6ED6}"
EndProject
Global
	GlobalSection(SolutionConfigurationPlatforms) = preSolution
		Debug|Any CPU = Debug|Any CPU
		Release|Any CPU = Release|Any CPU
	EndGlobalSection
	GlobalSection(ProjectConfigurationPlatforms) = postSolution
		{A9E9D644-98DC-4C72-9C8E-5BF591FB6ED6}.Debug|Any CPU.ActiveCfg = Debug|Any CPU
		{A9E9D644-98DC-4C72-9C8E-5BF591FB6ED6}.Debug|Any CPU.Build.0 = Debug|Any CPU
		{A9E9D644-98DC-4C72-9C8E-5BF591FB6ED6}.Release|Any CPU.ActiveCfg = Release|Any CPU
		{A9E9D644-98DC-4C72-9C8E-5BF591FB6ED6}.Release|Any CPU.Build.0 = Release|Any CPU
	EndGlobalSection
	GlobalSection(SolutionProperties) = preSolution
		HideSolutionNode = FALSE
	EndGlobalSection
	GlobalSection(ExtensibilityGlobals) = postSolution
		SolutionGuid = {F95F5D9C-8733-482F-B8CE-EF870A1F9B4D}
	EndGlobalSection
EndGlobal
