
Microsoft Visual Studio Solution File, Format Version 12.00
# Visual Studio Version 16
VisualStudioVersion = 16.0.31702.278
MinimumVisualStudioVersion = 10.0.40219.1
Project("{FAE04EC0-301F-11D3-BF4B-00C04F79EFBC}") = "Predavanje 1 Denis (05.10.2021.)", "Predavanje 1 Denis (05.10.2021.)\Predavanje 1 Denis (05.10.2021.).csproj", "{64E961DE-4AF8-4876-970F-90B8FB956586}"
EndProject
Project("{FAE04EC0-301F-11D3-BF4B-00C04F79EFBC}") = "Predavanje 1 Denis (05.10.2021.).Data", "Student\Predavanje 1 Denis (05.10.2021.).Data.csproj", "{293E6338-97B9-4D9A-812E-33A86BD8EF83}"
EndProject
Global
	GlobalSection(SolutionConfigurationPlatforms) = preSolution
		Debug|Any CPU = Debug|Any CPU
		Release|Any CPU = Release|Any CPU
	EndGlobalSection
	GlobalSection(ProjectConfigurationPlatforms) = postSolution
		{64E961DE-4AF8-4876-970F-90B8FB956586}.Debug|Any CPU.ActiveCfg = Debug|Any CPU
		{64E961DE-4AF8-4876-970F-90B8FB956586}.Debug|Any CPU.Build.0 = Debug|Any CPU
		{64E961DE-4AF8-4876-970F-90B8FB956586}.Release|Any CPU.ActiveCfg = Release|Any CPU
		{64E961DE-4AF8-4876-970F-90B8FB956586}.Release|Any CPU.Build.0 = Release|Any CPU
		{293E6338-97B9-4D9A-812E-33A86BD8EF83}.Debug|Any CPU.ActiveCfg = Debug|Any CPU
		{293E6338-97B9-4D9A-812E-33A86BD8EF83}.Debug|Any CPU.Build.0 = Debug|Any CPU
		{293E6338-97B9-4D9A-812E-33A86BD8EF83}.Release|Any CPU.ActiveCfg = Release|Any CPU
		{293E6338-97B9-4D9A-812E-33A86BD8EF83}.Release|Any CPU.Build.0 = Release|Any CPU
	EndGlobalSection
	GlobalSection(SolutionProperties) = preSolution
		HideSolutionNode = FALSE
	EndGlobalSection
	GlobalSection(ExtensibilityGlobals) = postSolution
		SolutionGuid = {7B611AD4-E911-4F56-8CAB-D1F3529F4036}
	EndGlobalSection
EndGlobal
